
Microsoft Visual Studio Solution File, Format Version 12.00
# Visual Studio 2013
VisualStudioVersion = 12.0.21005.1
MinimumVisualStudioVersion = 10.0.40219.1
Project("{FAE04EC0-301F-11D3-BF4B-00C04F79EFBC}") = "PasswordHash", "PasswordHash\PasswordHash.csproj", "{8C810629-155A-4662-9DAC-A12FC0FF4F7B}"
EndProject
Project("{FAE04EC0-301F-11D3-BF4B-00C04F79EFBC}") = "Security", "StringEncryption\Security.csproj", "{48D8911E-E179-445D-A405-815CF7AAD34D}"
EndProject
Project("{FAE04EC0-301F-11D3-BF4B-00C04F79EFBC}") = "StringEncryptionTetst", "StringEncryptionTetst\StringEncryptionTetst.csproj", "{8737532C-BF47-4A29-B007-F65B8A8BD2A9}"
EndProject
Global
	GlobalSection(SolutionConfigurationPlatforms) = preSolution
		Debug|Any CPU = Debug|Any CPU
		Release|Any CPU = Release|Any CPU
	EndGlobalSection
	GlobalSection(ProjectConfigurationPlatforms) = postSolution
		{8C810629-155A-4662-9DAC-A12FC0FF4F7B}.Debug|Any CPU.ActiveCfg = Debug|Any CPU
		{8C810629-155A-4662-9DAC-A12FC0FF4F7B}.Debug|Any CPU.Build.0 = Debug|Any CPU
		{8C810629-155A-4662-9DAC-A12FC0FF4F7B}.Release|Any CPU.ActiveCfg = Release|Any CPU
		{8C810629-155A-4662-9DAC-A12FC0FF4F7B}.Release|Any CPU.Build.0 = Release|Any CPU
		{48D8911E-E179-445D-A405-815CF7AAD34D}.Debug|Any CPU.ActiveCfg = Debug|Any CPU
		{48D8911E-E179-445D-A405-815CF7AAD34D}.Debug|Any CPU.Build.0 = Debug|Any CPU
		{48D8911E-E179-445D-A405-815CF7AAD34D}.Release|Any CPU.ActiveCfg = Release|Any CPU
		{48D8911E-E179-445D-A405-815CF7AAD34D}.Release|Any CPU.Build.0 = Release|Any CPU
		{8737532C-BF47-4A29-B007-F65B8A8BD2A9}.Debug|Any CPU.ActiveCfg = Debug|Any CPU
		{8737532C-BF47-4A29-B007-F65B8A8BD2A9}.Debug|Any CPU.Build.0 = Debug|Any CPU
		{8737532C-BF47-4A29-B007-F65B8A8BD2A9}.Release|Any CPU.ActiveCfg = Release|Any CPU
		{8737532C-BF47-4A29-B007-F65B8A8BD2A9}.Release|Any CPU.Build.0 = Release|Any CPU
	EndGlobalSection
	GlobalSection(SolutionProperties) = preSolution
		HideSolutionNode = FALSE
	EndGlobalSection
EndGlobal
